
Microsoft Visual Studio Solution File, Format Version 12.00
# Visual Studio Version 17
VisualStudioVersion = 17.3.32901.215
MinimumVisualStudioVersion = 10.0.40219.1
Project("{F184B08F-C81C-45F6-A57F-5ABD9991F28F}") = "rdman", "rdman\rdman.vbproj", "{C3C73E1E-1FD1-4CC0-9BC3-81250BB7B0D6}"
EndProject
Project("{FAE04EC0-301F-11D3-BF4B-00C04F79EFBC}") = "AppBarHelper", "AppBarHelper\AppBarHelper.csproj", "{1DFB8EAB-420B-4BE4-96B9-4A549163BE61}"
EndProject
Project("{F184B08F-C81C-45F6-A57F-5ABD9991F28F}") = "RdpEncrypt", "RdpEncrypt\RdpEncrypt.vbproj", "{9257171B-DBF3-439E-8B65-4913C14EF73A}"
EndProject
Global
	GlobalSection(SolutionConfigurationPlatforms) = preSolution
		Debug|Any CPU = Debug|Any CPU
		Release|Any CPU = Release|Any CPU
	EndGlobalSection
	GlobalSection(ProjectConfigurationPlatforms) = postSolution
		{C3C73E1E-1FD1-4CC0-9BC3-81250BB7B0D6}.Debug|Any CPU.ActiveCfg = Debug|Any CPU
		{C3C73E1E-1FD1-4CC0-9BC3-81250BB7B0D6}.Debug|Any CPU.Build.0 = Debug|Any CPU
		{C3C73E1E-1FD1-4CC0-9BC3-81250BB7B0D6}.Release|Any CPU.ActiveCfg = Release|Any CPU
		{C3C73E1E-1FD1-4CC0-9BC3-81250BB7B0D6}.Release|Any CPU.Build.0 = Release|Any CPU
		{1DFB8EAB-420B-4BE4-96B9-4A549163BE61}.Debug|Any CPU.ActiveCfg = Debug|Any CPU
		{1DFB8EAB-420B-4BE4-96B9-4A549163BE61}.Debug|Any CPU.Build.0 = Debug|Any CPU
		{1DFB8EAB-420B-4BE4-96B9-4A549163BE61}.Release|Any CPU.ActiveCfg = Release|Any CPU
		{1DFB8EAB-420B-4BE4-96B9-4A549163BE61}.Release|Any CPU.Build.0 = Release|Any CPU
		{9257171B-DBF3-439E-8B65-4913C14EF73A}.Debug|Any CPU.ActiveCfg = Debug|Any CPU
		{9257171B-DBF3-439E-8B65-4913C14EF73A}.Debug|Any CPU.Build.0 = Debug|Any CPU
		{9257171B-DBF3-439E-8B65-4913C14EF73A}.Release|Any CPU.ActiveCfg = Release|Any CPU
		{9257171B-DBF3-439E-8B65-4913C14EF73A}.Release|Any CPU.Build.0 = Release|Any CPU
	EndGlobalSection
	GlobalSection(SolutionProperties) = preSolution
		HideSolutionNode = FALSE
	EndGlobalSection
	GlobalSection(ExtensibilityGlobals) = postSolution
		SolutionGuid = {E21147CA-FBD2-4832-9823-5BEF0AAEC4DC}
	EndGlobalSection
EndGlobal
